name: il24-core
channels:
  - conda-forge
  - defaults
dependencies:
  - _openmp_mutex=4.5=20_gnu
  - biopython=1.88=py312h4c3975b_0
  - brotli=1.2.0=h505cf86_3
  - brotli-bin=1.2.0=h9908984_3
  - bzip2=1.0.8=hda65f42_10
  - ca-certificates=2026.7.22=hbd8a1cb_0
  - cairo=1.18.4=he90730b_1
  - colorama=0.4.6=pyhd8ed1ab_1
  - contourpy=1.3.3=py312h0a2e395_4
  - cycler=0.12.1=pyhcf101f3_2
  - dssp=4.6.1=np2py312h16eb2d3_1
  - exceptiongroup=1.3.1=pyhd8ed1ab_0
  - font-ttf-dejavu-sans-mono=2.37=hab24e00_0
  - font-ttf-inconsolata=3.000=h77eed37_0
  - font-ttf-source-code-pro=2.038=h77eed37_0
  - font-ttf-ubuntu=0.83=h77eed37_3
  - fontconfig=2.18.3=h4db4eae_1
  - fonts-conda-ecosystem=1=0
  - fonts-conda-forge=1=hc364b38_1
  - fonttools=4.63.0=py312h8a5da7c_0
  - freesasa=2.2.1=hd8ed1ab_5
  - freesasa-python=2.2.1=py312h4c3975b_1
  - freetype=2.14.3=ha770c72_2
  - fribidi=1.0.16=hb03c661_1
  - gawk=5.4.1=h0a3468a_0
  - gmp=6.3.0=hfd2156b_3
  - graphite2=1.3.15=h54a6638_1
  - icu=78.3=py310h44b86e0_2
  - iniconfig=2.3.0=pyhd8ed1ab_0
  - joblib=1.5.3=pyhd8ed1ab_0
  - kiwisolver=1.5.0=py312h0a2e395_0
  - lcms2=2.19.1=h0c24ade_1
  - ld_impl_linux-64=2.46.1=default_hbd61a6d_102
  - lerc=4.2.0=hdb68285_0
  - libasprintf=0.25.1=h3f43e3d_1
  - libblas=3.11.0=9_h4a7cf45_openblas
  - libboost=1.90.0=hd24cca6_1
  - libboost-python=1.90.0=py312hf890105_1
  - libbrotlicommon=1.2.0=h39a168f_3
  - libbrotlidec=1.2.0=ha411449_3
  - libbrotlienc=1.2.0=h018ffa1_3
  - libcblas=3.11.0=9_h0358290_openblas
  - libdeflate=1.25=hd45a770_1
  - libexpat=2.8.1=hecca717_1
  - libffi=3.7.0=h3435931_0
  - libfreetype=2.14.3=ha770c72_2
  - libfreetype6=2.14.3=h5e6c136_2
  - libgcc=16.1.0=ha9f2e26_2
  - libgcc-ng=16.1.0=h69a702a_2
  - libgettextpo=0.25.1=h3f43e3d_1
  - libgfortran=16.1.0=h69a702a_2
  - libgfortran5=16.1.0=h79bb938_2
  - libglib=2.88.3=h45c3219_1
  - libgomp=16.1.0=he0feb66_2
  - libharfbuzz=14.3.1=h23af247_0
  - libiconv=1.18=h0cb94f2_3
  - libjpeg-turbo=3.2.0=hb03c661_1
  - liblapack=3.11.0=9_h47877c9_openblas
  - liblzma=5.8.3=hb03c661_1
  - libmcfp=2.0.1=h171cf75_0
  - libnsl=2.0.1=hb9d3cd8_1
  - libopenblas=0.3.34=pthreads_h94d23a6_0
  - libpng=1.6.58=h922cc85_1
  - libraqm=0.11.0=h6406941_0
  - libsqlite=3.53.4=h13e7031_1
  - libstdcxx=16.1.0=h934c35e_2
  - libstdcxx-ng=16.1.0=hdf11a46_2
  - libtiff=4.7.2=h9d88235_0
  - libuuid=2.42.2=h5347b49_0
  - libwebp-base=1.6.0=hd42ef1d_1
  - libxcb=1.17.0=hb83e432_1
  - libxcrypt=4.4.38=h280c20c_0
  - libzlib=1.3.2=h25fd6f3_3
  - mafft=7.526=h4bc722e_0
  - matplotlib-base=3.11.1=py312h4c94fcb_2
  - mpfr=4.2.2=ha2cb11d_1
  - munkres=1.1.4=pyhd8ed1ab_1
  - narwhals=2.25.0=pyhcf101f3_0
  - ncurses=6.6=hdb14827_1
  - numpy=2.5.2=py312h33ff503_0
  - openjpeg=2.5.4=h55fea9a_0
  - openssl=3.6.3=h35e630c_1
  - packaging=26.3=pyhc364b38_0
  - pandas=3.0.5=py312h8ecdadd_1
  - pcre2=10.47=h8b3dc9c_1
  - pillow=12.3.0=py312h50c33e8_0
  - pip=26.2.1=pyh8b19718_0
  - pixman=0.46.4=h54a6638_3
  - pluggy=1.6.0=pyhf9edf01_1
  - pthread-stubs=0.4=hb03c661_1003
  - pygments=2.21.0=pyhcf101f3_0
  - pyparsing=3.3.2=pyhcf101f3_0
  - pytest=9.1.1=pyhc364b38_2
  - python=3.12.13=h8ab3286_1_cpython
  - python-dateutil=2.9.0.post0=pyhe01879c_2
  - python_abi=3.12=8_cp312
  - qhull=2020.2=h434a139_5
  - readline=8.3=hd6e31c0_1
  - scikit-learn=1.9.0=np2py312h3226591_0
  - scipy=1.18.0=py312h54fa4ab_0
  - setuptools=84.0.0=pyh332efcf_0
  - six=1.17.0=pyhe01879c_1
  - threadpoolctl=3.6.0=pyhecae5ae_0
  - tk=8.6.13=noxft_h1df4ec4_4
  - tomli=2.4.1=pyhcf101f3_0
  - typing_extensions=4.16.0=pyhcf101f3_0
  - tzdata=2026c=h151e31d_0
  - unicodedata2=17.0.1=py312h4c3975b_0
  - wheel=0.48.0=pyhd8ed1ab_0
  - xorg-libice=1.1.2=h280c20c_0
  - xorg-libsm=1.2.6=h0d788c3_1
  - xorg-libx11=1.8.13=he1eb515_1
  - xorg-libxau=1.0.12=hb03c661_2
  - xorg-libxdmcp=1.1.5=hb03c661_2
  - xorg-libxext=1.3.7=h7cc23a3_1
  - xorg-libxrender=0.9.12=hb03c661_1
  - zlib-ng=2.3.3=hce19668_1
  - zstd=1.5.7=hb78ec9c_7
